hash: 5d37ce5ebaa37fda1de91f521958ad973863641f778eab5c531b56ac057a7faa
updated: 2018-11-08T01:02:01.114605269+09:00
imports:
- name: github.com/aead/siphash
  version: 83563a290f60225eb120d724600b9690c3fb536f
- name: github.com/aead/skein
  version: 9365ae6e95d294dc113a0b308852f97c916db233
  subpackages:
  - threefish
- name: github.com/bitgoin/lyra2rev2
  version: bae9ad2043bb55facb14c4918e909f88a7d3ed84
  subpackages:
  - sha3
- name: github.com/btcsuite/btclog
  version: 84c8d2346e9fc8c7b947e243b9c24e6df9fd206a
- name: github.com/btcsuite/go-socks
  version: 4720035b7bfd2a9bb130b1c184f8bbe41b6f0d0f
  subpackages:
  - socks
- name: github.com/btcsuite/golangcrypto
  version: 53f62d9b43e87a6c56975cf862af7edf33a8d0df
  subpackages:
  - nacl/secretbox
  - pbkdf2
  - poly1305
  - ripemd160
  - salsa20/salsa
  - scrypt
  - ssh/terminal
- name: github.com/btcsuite/goleveldb
  version: 7834afc9e8cd15233b6c3d97e12674a31ca24602
  subpackages:
  - leveldb
  - leveldb/cache
  - leveldb/comparer
  - leveldb/errors
  - leveldb/filter
  - leveldb/iterator
  - leveldb/journal
  - leveldb/memdb
  - leveldb/opt
  - leveldb/storage
  - leveldb/table
  - leveldb/util
- name: github.com/btcsuite/seelog
  version: 556d4dde7873880ceb8b758dce71f4906162322a
- name: github.com/btcsuite/snappy-go
  version: 0bdef8d067237991ddaa1bb6072a740bc40601ba
- name: github.com/btcsuite/websocket
  version: 31079b6807923eb23992c421b114992b95131b55
- name: github.com/coreos/bbolt
  version: 4f5275f4ebbf6fe7cb772de987fa96ee674460a7
- name: github.com/davecgh/go-spew
  version: ecdeabc65495df2dec95d7c4a4c3e021903035e5
  subpackages:
  - spew
- name: github.com/dchest/blake256
  version: dee3fe6eb0e98dc774a94fc231f85baf7c29d360
- name: github.com/golang/protobuf
  version: 14aad3d5ea4c323bcd7a2137e735da24a76e814c
  subpackages:
  - proto
- name: github.com/jessevdk/go-flags
  version: 1679536dcc895411a9f5848d9a0250be7856448c
- name: github.com/kkdai/bstream
  version: f391b8402d23024e7c0f624b31267a89998fca95
- name: github.com/wakiyamap/monad
  version: 1480cfed9bb4a340755c9fd3061339435148945f
  subpackages:
  - addrmgr
  - blockchain
  - btcec
  - btcjson
  - chaincfg
  - chaincfg/chainhash
  - connmgr
  - database
  - integration/rpctest
  - peer
  - rpcclient
  - txscript
  - wire
- name: github.com/wakiyamap/monautil
  version: c1fba54cb210ffa57c4cb5e40fa09c789daa56b8
  subpackages:
  - base58
  - bech32
  - gcs
  - gcs/builder
  - hdkeychain
- name: github.com/wakiyamap/monawallet
  version: b2e8277fc2277c65de2ec663c7ba77d130b30364
  subpackages:
  - internal/helpers
  - internal/zero
  - snacl
  - waddrmgr
  - wallet/internal/txsizes
  - wallet/txauthor
  - wallet/txrules
  - walletdb
  - walletdb/bdb
- name: golang.org/x/crypto
  version: 9419663f5a44be8b34ca85f08abc5fe1be11f8a3
  subpackages:
  - ripemd160
- name: golang.org/x/net
  version: d0887baf81f4598189d4e12a37c6da86f0bba4d0
  subpackages:
  - context
- name: golang.org/x/sys
  version: ac767d655b305d4e9612f5f6e33120b9176c4ad4
  subpackages:
  - unix
- name: google.golang.org/grpc
  version: b7f1379d3cbbbeb2ca3405852012e237aa05459e
  subpackages:
  - codes
  - credentials
  - grpclog
testImports: []
