hash: b44e9e64f4b95ef976315115bf757f06b41181b9f03cebef1a2ec6922ae0f9f6
updated: 2018-04-27T17:20:31.607687507+09:00
imports:
- name: github.com/aead/siphash
  version: e404fcfc888570cadd1610538e2dbc89f66af814
- name: github.com/aead/skein
  version: 9365ae6e95d294dc113a0b308852f97c916db233
  subpackages:
  - threefish
- name: github.com/bitgoin/lyra2rev2
  version: bae9ad2043bb55facb14c4918e909f88a7d3ed84
  subpackages:
  - sha3
- name: github.com/btcsuite/btclog
  version: 84c8d2346e9fc8c7b947e243b9c24e6df9fd206a
- name: github.com/btcsuite/go-socks
  version: 4720035b7bfd2a9bb130b1c184f8bbe41b6f0d0f
  subpackages:
  - socks
- name: github.com/btcsuite/golangcrypto
  version: 53f62d9b43e87a6c56975cf862af7edf33a8d0df
  subpackages:
  - nacl/secretbox
  - pbkdf2
  - poly1305
  - ripemd160
  - salsa20/salsa
  - scrypt
  - ssh/terminal
- name: github.com/btcsuite/seelog
  version: 556d4dde7873880ceb8b758dce71f4906162322a
- name: github.com/btcsuite/websocket
  version: 31079b6807923eb23992c421b114992b95131b55
- name: github.com/coreos/bbolt
  version: 4f5275f4ebbf6fe7cb772de987fa96ee674460a7
- name: github.com/davecgh/go-spew
  version: ecdeabc65495df2dec95d7c4a4c3e021903035e5
  subpackages:
  - spew
- name: github.com/dchest/blake256
  version: dee3fe6eb0e98dc774a94fc231f85baf7c29d360
- name: github.com/golang/protobuf
  version: ab9f9a6dab164b7d1246e0e688b0ab7b94d8553e
  subpackages:
  - proto
- name: github.com/jessevdk/go-flags
  version: 1679536dcc895411a9f5848d9a0250be7856448c
- name: github.com/kkdai/bstream
  version: f391b8402d23024e7c0f624b31267a89998fca95
- name: github.com/wakiyamap/lyra2rev2
  version: bae9ad2043bb55facb14c4918e909f88a7d3ed84
- name: github.com/wakiyamap/monad
  version: 6239eb24d1f858927560d63e77073bd361d977bc
  subpackages:
  - addrmgr
  - blockchain
  - btcec
  - btcjson
  - chaincfg
  - chaincfg/chainhash
  - connmgr
  - database
  - integration/rpctest
  - peer
  - rpcclient
  - txscript
  - wire
- name: github.com/wakiyamap/monautil
  version: 5633c0880c69eabe323bf209e7878b5e4aa29595
  subpackages:
  - base58
  - bech32
  - gcs
  - gcs/builder
  - hdkeychain
- name: github.com/wakiyamap/monawallet
  version: 4c1cba2005c854f097570e706e8b1a89a359497c
  subpackages:
  - internal/helpers
  - internal/zero
  - snacl
  - waddrmgr
  - wallet/internal/txsizes
  - wallet/txauthor
  - wallet/txrules
  - walletdb
  - walletdb/bdb
- name: golang.org/x/crypto
  version: 9419663f5a44be8b34ca85f08abc5fe1be11f8a3
  subpackages:
  - ripemd160
- name: golang.org/x/net
  version: 66aacef3dd8a676686c7ae3716979581e8b03c47
  subpackages:
  - context
- name: golang.org/x/sys
  version: ab9e364efd8b52800ff7ee48a9ffba4e0ed78dfb
  subpackages:
  - unix
- name: google.golang.org/grpc
  version: b7f1379d3cbbbeb2ca3405852012e237aa05459e
  subpackages:
  - codes
  - credentials
  - grpclog
testImports: []
